{
    "_readme": [
        "This file locks the dependencies of your project to a known state",
        "Read more about it at https://getcomposer.org/doc/01-basic-usage.md#installing-dependencies",
        "This file is @generated automatically"
    ],
    "content-hash": "093cf1b22247b13e9aa634cc468e1ad3",
    "packages": [
        {
            "name": "marshmallow/commands",
            "version": "dev-master",
            "source": {
                "type": "git",
                "url": "https://github.com/marshmallow-packages/commands.git",
                "reference": "1ef8ad3209b44f0fb548b111fea75dc4716fad28"
            },
            "dist": {
                "type": "zip",
                "url": "https://api.github.com/repos/marshmallow-packages/commands/zipball/1ef8ad3209b44f0fb548b111fea75dc4716fad28",
                "reference": "1ef8ad3209b44f0fb548b111fea75dc4716fad28",
                "shasum": ""
            },
            "require": {
                "php": "^7.0|^8.0"
            },
            "default-branch": true,
            "type": "library",
            "extra": {
                "laravel": {
                    "providers": [
                        "Marshmallow\\Commands\\CommandsServiceProvider"
                    ]
                }
            },
            "autoload": {
                "psr-4": {
                    "Marshmallow\\Commands\\": "src"
                }
            },
            "notification-url": "https://packagist.org/downloads/",
            "license": [
                "MIT"
            ],
            "authors": [
                {
                    "name": "Stef",
                    "email": "stef@marshmallow.dev",
                    "homepage": "https://marshmallow.dev",
                    "role": "Developer"
                }
            ],
            "description": "Verschillende handige commands.",
            "homepage": "https://marshmallow.dev/",
            "keywords": [
                "marshmallow"
            ],
            "support": {
                "email": "stef@marshmallow.dev",
                "issues": "https://github.com/marshmallow-packages/commands/issues",
                "source": "https://github.com/marshmallow-packages/commands/tree/master"
            },
            "time": "2021-04-07T11:56:39+00:00"
        }
    ],
    "packages-dev": [],
    "aliases": [],
    "minimum-stability": "dev",
    "stability-flags": {
        "marshmallow/commands": 20
    },
    "prefer-stable": false,
    "prefer-lowest": false,
    "platform": {
        "php": "^7.0|^8.0"
    },
    "platform-dev": [],
    "plugin-api-version": "2.3.0"
}
